
Microsoft Visual Studio Solution File, Format Version 12.00
# Visual Studio Version 17
VisualStudioVersion = 17.1.32228.430
MinimumVisualStudioVersion = 10.0.40219.1
Project("{9A19103F-16F7-4668-BE54-9A1E7A4F7556}") = "Bannerlord.ButterLib.Implementation", "Bannerlord.ButterLib.Implementation\Bannerlord.ButterLib.Implementation.csproj", "{1339A1C0-C2F0-4491-91BB-D49C00332F68}"
EndProject
Project("{2150E333-8FDC-42A3-9474-1A3956D46DE8}") = "src", "src", "{1392C229-D932-4592-9B4C-EF8E29E83D16}"
EndProject
Project("{2150E333-8FDC-42A3-9474-1A3956D46DE8}") = "build", "build", "{20835E54-40DC-4892-A61A-4A3FBCE97EF1}"
	ProjectSection(SolutionItems) = preProject
		..\build\common.props = ..\build\common.props
		..\build\common.targets = ..\build\common.targets
	EndProjectSection
EndProject
Project("{2150E333-8FDC-42A3-9474-1A3956D46DE8}") = "workflows", "workflows", "{ADE4D687-B33F-44D5-B27A-E7635AC453A2}"
	ProjectSection(SolutionItems) = preProject
		..\.github\workflows\docfx.yml = ..\.github\workflows\docfx.yml
		..\.github\workflows\publish.yml = ..\.github\workflows\publish.yml
		..\.github\workflows\test-full.yml = ..\.github\workflows\test-full.yml
		..\.github\workflows\test.yml = ..\.github\workflows\test.yml
	EndProjectSection
EndProject
Project("{2150E333-8FDC-42A3-9474-1A3956D46DE8}") = "root", "root", "{F11F675F-87A9-4959-92FE-6B44D9500F1B}"
	ProjectSection(SolutionItems) = preProject
		..\changelog.txt = ..\changelog.txt
		..\README.md = ..\README.md
		..\supported-game-versions.txt = ..\supported-game-versions.txt
	EndProjectSection
EndProject
Project("{9A19103F-16F7-4668-BE54-9A1E7A4F7556}") = "Bannerlord.ButterLib", "Bannerlord.ButterLib\Bannerlord.ButterLib.csproj", "{17BE8506-B22B-4705-A777-C862888DA1F5}"
EndProject
Project("{2150E333-8FDC-42A3-9474-1A3956D46DE8}") = "docs", "docs", "{98D79DD7-266F-4EB7-915A-31BB67D2A9B8}"
EndProject
Project("{2150E333-8FDC-42A3-9474-1A3956D46DE8}") = "tests", "tests", "{AAC60DC8-6952-44D5-B9BD-789902E27273}"
EndProject
Project("{9A19103F-16F7-4668-BE54-9A1E7A4F7556}") = "Bannerlord.ButterLib.Tests", "..\tests\Bannerlord.ButterLib.Tests\Bannerlord.ButterLib.Tests.csproj", "{C2FEF2CB-356C-4045-948D-F0755ABA6378}"
EndProject
Project("{9A19103F-16F7-4668-BE54-9A1E7A4F7556}") = "Bannerlord.ButterLib.Implementation.Tests", "..\tests\Bannerlord.ButterLib.Implementation.Tests\Bannerlord.ButterLib.Implementation.Tests.csproj", "{CC56F4AA-1C6F-4B20-9DA3-79A30E1F6734}"
EndProject
Project("{2150E333-8FDC-42A3-9474-1A3956D46DE8}") = "Optional", "Optional", "{025F5566-540B-44B2-92D7-0C069F65FC98}"
EndProject
Project("{2150E333-8FDC-42A3-9474-1A3956D46DE8}") = "DependencyInjection", "DependencyInjection", "{4228E9A3-C94E-4228-A432-41A7632E663E}"
	ProjectSection(SolutionItems) = preProject
		..\docs\articles\Optional\DependencyInjection\Initialization-Stages.md = ..\docs\articles\Optional\DependencyInjection\Initialization-Stages.md
		..\docs\articles\Optional\DependencyInjection\Overview.md = ..\docs\articles\Optional\DependencyInjection\Overview.md
		..\docs\articles\Optional\DependencyInjection\Stage-1.md = ..\docs\articles\Optional\DependencyInjection\Stage-1.md
		..\docs\articles\Optional\DependencyInjection\Stage-2.md = ..\docs\articles\Optional\DependencyInjection\Stage-2.md
		..\docs\articles\Optional\DependencyInjection\Stage-3.md = ..\docs\articles\Optional\DependencyInjection\Stage-3.md
	EndProjectSection
EndProject
Project("{2150E333-8FDC-42A3-9474-1A3956D46DE8}") = "Logging", "Logging", "{24B1E618-737D-4EF2-89BE-8D7CBCF69BC3}"
	ProjectSection(SolutionItems) = preProject
		..\docs\articles\Optional\Logging\Overview.md = ..\docs\articles\Optional\Logging\Overview.md
	EndProjectSection
EndProject
Project("{2150E333-8FDC-42A3-9474-1A3956D46DE8}") = "AssemblyVerifier", "AssemblyVerifier", "{D5C3EA41-BE06-41DB-B7F9-60BB0EFDC0B6}"
	ProjectSection(SolutionItems) = preProject
		..\docs\articles\AssemblyVerifier\Overview.md = ..\docs\articles\AssemblyVerifier\Overview.md
	EndProjectSection
EndProject
Project("{2150E333-8FDC-42A3-9474-1A3956D46DE8}") = "CampaignIdentifier", "CampaignIdentifier", "{5217581D-2AF9-4218-B7A0-A09110BA1434}"
	ProjectSection(SolutionItems) = preProject
		..\docs\articles\CampaignIdentifier\Overview.md = ..\docs\articles\CampaignIdentifier\Overview.md
	EndProjectSection
EndProject
Project("{2150E333-8FDC-42A3-9474-1A3956D46DE8}") = "DistanceMatrix", "DistanceMatrix", "{F626B2A9-96E8-4838-9FD7-1BDB2F0D4867}"
	ProjectSection(SolutionItems) = preProject
		..\docs\articles\DistanceMatrix\Overview.md = ..\docs\articles\DistanceMatrix\Overview.md
	EndProjectSection
EndProject
Project("{2150E333-8FDC-42A3-9474-1A3956D46DE8}") = "SubModuleWrappers", "SubModuleWrappers", "{8BC9CF61-16CD-49CE-A9C1-F7B3E4205D8C}"
	ProjectSection(SolutionItems) = preProject
		..\docs\articles\SubModuleWrappers\Overview.md = ..\docs\articles\SubModuleWrappers\Overview.md
	EndProjectSection
EndProject
Project("{2150E333-8FDC-42A3-9474-1A3956D46DE8}") = "DelayedSubModule", "DelayedSubModule", "{45845F8C-E085-4210-8EC4-99C30BA25805}"
	ProjectSection(SolutionItems) = preProject
		..\docs\articles\DelayedSubModule\Overview.md = ..\docs\articles\DelayedSubModule\Overview.md
	EndProjectSection
EndProject
Project("{2150E333-8FDC-42A3-9474-1A3956D46DE8}") = "Common", "Common", "{C6CCF42F-1FF0-41C2-A9E2-CE2536FFB8B0}"
EndProject
Project("{2150E333-8FDC-42A3-9474-1A3956D46DE8}") = "Extensions", "Extensions", "{8DC26B0D-516B-428B-8632-FE4760E8B0DA}"
	ProjectSection(SolutionItems) = preProject
		..\docs\articles\Common\Extensions\Overview.md = ..\docs\articles\Common\Extensions\Overview.md
	EndProjectSection
EndProject
Project("{2150E333-8FDC-42A3-9474-1A3956D46DE8}") = "Helpers", "Helpers", "{D898106F-DFC9-4CB5-8AB7-A93B635F8176}"
	ProjectSection(SolutionItems) = preProject
		..\docs\articles\Common\Helpers\Overview.md = ..\docs\articles\Common\Helpers\Overview.md
	EndProjectSection
EndProject
Project("{2150E333-8FDC-42A3-9474-1A3956D46DE8}") = "SaveSystem", "SaveSystem", "{553C01B8-F0D3-4252-B9C8-5967F6CFF46B}"
	ProjectSection(SolutionItems) = preProject
		..\docs\articles\SaveSystem\Overview.md = ..\docs\articles\SaveSystem\Overview.md
	EndProjectSection
EndProject
Project("{9A19103F-16F7-4668-BE54-9A1E7A4F7556}") = "Bannerlord.ButterLib.ObjectSystem.Test", "..\tests\Bannerlord.ButterLib.ObjectSystem.Test\Bannerlord.ButterLib.ObjectSystem.Test.csproj", "{451849FC-0522-493D-B0DF-9538ABDBE56D}"
EndProject
Project("{2150E333-8FDC-42A3-9474-1A3956D46DE8}") = "HotKeys", "HotKeys", "{8D79D0B9-F5BB-4497-A315-C3A36A1923D0}"
	ProjectSection(SolutionItems) = preProject
		..\docs\articles\HotKeys\Overview.md = ..\docs\articles\HotKeys\Overview.md
	EndProjectSection
EndProject
Project("{2150E333-8FDC-42A3-9474-1A3956D46DE8}") = "Modules", "Modules", "{43B4A632-B25F-4424-8810-3D60FD54E203}"
EndProject
Project("{9A19103F-16F7-4668-BE54-9A1E7A4F7556}") = "Bannerlord.ButterLib.HotKeys.Test", "..\tests\Bannerlord.ButterLib.HotKeys.Test\Bannerlord.ButterLib.HotKeys.Test.csproj", "{5C1705E2-CC31-4215-A4CE-7A8AFF6D9BC3}"
EndProject
Project("{2150E333-8FDC-42A3-9474-1A3956D46DE8}") = "Development", "Development", "{4C1C912A-C043-4BA3-A3A9-95989F1061B2}"
	ProjectSection(SolutionItems) = preProject
		..\docs\articles\Development\Overview.md = ..\docs\articles\Development\Overview.md
	EndProjectSection
EndProject
Project("{9A19103F-16F7-4668-BE54-9A1E7A4F7556}") = "Ben.Demystifier", "Ben.Demystifier\src\Ben.Demystifier\Ben.Demystifier.csproj", "{0F069603-5A4C-4397-A741-0E4D9D5A9635}"
EndProject
Global
	GlobalSection(SolutionConfigurationPlatforms) = preSolution
		Beta_Debug|Any CPU = Beta_Debug|Any CPU
		Beta_Debug|x64 = Beta_Debug|x64
		Beta_Release|Any CPU = Beta_Release|Any CPU
		Beta_Release|x64 = Beta_Release|x64
		Debug|Any CPU = Debug|Any CPU
		Debug|x64 = Debug|x64
		Release|Any CPU = Release|Any CPU
		Release|x64 = Release|x64
		Stable_Debug|Any CPU = Stable_Debug|Any CPU
		Stable_Debug|x64 = Stable_Debug|x64
		Stable_Release|Any CPU = Stable_Release|Any CPU
		Stable_Release|x64 = Stable_Release|x64
	EndGlobalSection
	GlobalSection(ProjectConfigurationPlatforms) = postSolution
		{1339A1C0-C2F0-4491-91BB-D49C00332F68}.Beta_Debug|Any CPU.ActiveCfg = Beta_Debug|Any CPU
		{1339A1C0-C2F0-4491-91BB-D49C00332F68}.Beta_Debug|Any CPU.Build.0 = Beta_Debug|Any CPU
		{1339A1C0-C2F0-4491-91BB-D49C00332F68}.Beta_Debug|x64.ActiveCfg = Beta_Debug|Any CPU
		{1339A1C0-C2F0-4491-91BB-D49C00332F68}.Beta_Debug|x64.Build.0 = Beta_Debug|Any CPU
		{1339A1C0-C2F0-4491-91BB-D49C00332F68}.Beta_Release|Any CPU.ActiveCfg = Beta_Release|Any CPU
		{1339A1C0-C2F0-4491-91BB-D49C00332F68}.Beta_Release|Any CPU.Build.0 = Beta_Release|Any CPU
		{1339A1C0-C2F0-4491-91BB-D49C00332F68}.Beta_Release|x64.ActiveCfg = Beta_Release|Any CPU
		{1339A1C0-C2F0-4491-91BB-D49C00332F68}.Beta_Release|x64.Build.0 = Beta_Release|Any CPU
		{1339A1C0-C2F0-4491-91BB-D49C00332F68}.Debug|Any CPU.ActiveCfg = Stable_Debug|Any CPU
		{1339A1C0-C2F0-4491-91BB-D49C00332F68}.Debug|Any CPU.Build.0 = Stable_Debug|Any CPU
		{1339A1C0-C2F0-4491-91BB-D49C00332F68}.Debug|x64.ActiveCfg = Stable_Debug|x64
		{1339A1C0-C2F0-4491-91BB-D49C00332F68}.Debug|x64.Build.0 = Stable_Debug|x64
		{1339A1C0-C2F0-4491-91BB-D49C00332F68}.Release|Any CPU.ActiveCfg = Stable_Release|Any CPU
		{1339A1C0-C2F0-4491-91BB-D49C00332F68}.Release|Any CPU.Build.0 = Stable_Release|Any CPU
		{1339A1C0-C2F0-4491-91BB-D49C00332F68}.Release|x64.ActiveCfg = Stable_Release|x64
		{1339A1C0-C2F0-4491-91BB-D49C00332F68}.Release|x64.Build.0 = Stable_Release|x64
		{1339A1C0-C2F0-4491-91BB-D49C00332F68}.Stable_Debug|Any CPU.ActiveCfg = Stable_Debug|Any CPU
		{1339A1C0-C2F0-4491-91BB-D49C00332F68}.Stable_Debug|Any CPU.Build.0 = Stable_Debug|Any CPU
		{1339A1C0-C2F0-4491-91BB-D49C00332F68}.Stable_Debug|x64.ActiveCfg = Stable_Debug|Any CPU
		{1339A1C0-C2F0-4491-91BB-D49C00332F68}.Stable_Debug|x64.Build.0 = Stable_Debug|Any CPU
		{1339A1C0-C2F0-4491-91BB-D49C00332F68}.Stable_Release|Any CPU.ActiveCfg = Stable_Release|Any CPU
		{1339A1C0-C2F0-4491-91BB-D49C00332F68}.Stable_Release|Any CPU.Build.0 = Stable_Release|Any CPU
		{1339A1C0-C2F0-4491-91BB-D49C00332F68}.Stable_Release|x64.ActiveCfg = Stable_Release|Any CPU
		{1339A1C0-C2F0-4491-91BB-D49C00332F68}.Stable_Release|x64.Build.0 = Stable_Release|Any CPU
		{17BE8506-B22B-4705-A777-C862888DA1F5}.Beta_Debug|Any CPU.ActiveCfg = Debug|x64
		{17BE8506-B22B-4705-A777-C862888DA1F5}.Beta_Debug|Any CPU.Build.0 = Debug|x64
		{17BE8506-B22B-4705-A777-C862888DA1F5}.Beta_Debug|x64.ActiveCfg = Debug|x64
		{17BE8506-B22B-4705-A777-C862888DA1F5}.Beta_Debug|x64.Build.0 = Debug|x64
		{17BE8506-B22B-4705-A777-C862888DA1F5}.Beta_Release|Any CPU.ActiveCfg = Release|x64
		{17BE8506-B22B-4705-A777-C862888DA1F5}.Beta_Release|Any CPU.Build.0 = Release|x64
		{17BE8506-B22B-4705-A777-C862888DA1F5}.Beta_Release|x64.ActiveCfg = Release|x64
		{17BE8506-B22B-4705-A777-C862888DA1F5}.Beta_Release|x64.Build.0 = Release|x64
		{17BE8506-B22B-4705-A777-C862888DA1F5}.Debug|Any CPU.ActiveCfg = Debug|x64
		{17BE8506-B22B-4705-A777-C862888DA1F5}.Debug|Any CPU.Build.0 = Debug|x64
		{17BE8506-B22B-4705-A777-C862888DA1F5}.Debug|x64.ActiveCfg = Debug|x64
		{17BE8506-B22B-4705-A777-C862888DA1F5}.Debug|x64.Build.0 = Debug|x64
		{17BE8506-B22B-4705-A777-C862888DA1F5}.Release|Any CPU.ActiveCfg = Release|x64
		{17BE8506-B22B-4705-A777-C862888DA1F5}.Release|Any CPU.Build.0 = Release|x64
		{17BE8506-B22B-4705-A777-C862888DA1F5}.Release|x64.ActiveCfg = Release|x64
		{17BE8506-B22B-4705-A777-C862888DA1F5}.Release|x64.Build.0 = Release|x64
		{17BE8506-B22B-4705-A777-C862888DA1F5}.Stable_Debug|Any CPU.ActiveCfg = Debug|x64
		{17BE8506-B22B-4705-A777-C862888DA1F5}.Stable_Debug|Any CPU.Build.0 = Debug|x64
		{17BE8506-B22B-4705-A777-C862888DA1F5}.Stable_Debug|x64.ActiveCfg = Debug|x64
		{17BE8506-B22B-4705-A777-C862888DA1F5}.Stable_Debug|x64.Build.0 = Debug|x64
		{17BE8506-B22B-4705-A777-C862888DA1F5}.Stable_Release|Any CPU.ActiveCfg = Release|x64
		{17BE8506-B22B-4705-A777-C862888DA1F5}.Stable_Release|Any CPU.Build.0 = Release|x64
		{17BE8506-B22B-4705-A777-C862888DA1F5}.Stable_Release|x64.ActiveCfg = Release|x64
		{17BE8506-B22B-4705-A777-C862888DA1F5}.Stable_Release|x64.Build.0 = Release|x64
		{C2FEF2CB-356C-4045-948D-F0755ABA6378}.Beta_Debug|Any CPU.ActiveCfg = Beta_Debug|x64
		{C2FEF2CB-356C-4045-948D-F0755ABA6378}.Beta_Debug|Any CPU.Build.0 = Beta_Debug|x64
		{C2FEF2CB-356C-4045-948D-F0755ABA6378}.Beta_Debug|x64.ActiveCfg = Beta_Debug|x64
		{C2FEF2CB-356C-4045-948D-F0755ABA6378}.Beta_Debug|x64.Build.0 = Beta_Debug|x64
		{C2FEF2CB-356C-4045-948D-F0755ABA6378}.Beta_Release|Any CPU.ActiveCfg = Beta_Release|x64
		{C2FEF2CB-356C-4045-948D-F0755ABA6378}.Beta_Release|Any CPU.Build.0 = Beta_Release|x64
		{C2FEF2CB-356C-4045-948D-F0755ABA6378}.Beta_Release|x64.ActiveCfg = Beta_Release|x64
		{C2FEF2CB-356C-4045-948D-F0755ABA6378}.Beta_Release|x64.Build.0 = Beta_Release|x64
		{C2FEF2CB-356C-4045-948D-F0755ABA6378}.Debug|Any CPU.ActiveCfg = Stable_Debug|x64
		{C2FEF2CB-356C-4045-948D-F0755ABA6378}.Debug|Any CPU.Build.0 = Stable_Debug|x64
		{C2FEF2CB-356C-4045-948D-F0755ABA6378}.Debug|x64.ActiveCfg = Stable_Debug|x64
		{C2FEF2CB-356C-4045-948D-F0755ABA6378}.Debug|x64.Build.0 = Stable_Debug|x64
		{C2FEF2CB-356C-4045-948D-F0755ABA6378}.Release|Any CPU.ActiveCfg = Stable_Release|x64
		{C2FEF2CB-356C-4045-948D-F0755ABA6378}.Release|Any CPU.Build.0 = Stable_Release|x64
		{C2FEF2CB-356C-4045-948D-F0755ABA6378}.Release|x64.ActiveCfg = Stable_Release|x64
		{C2FEF2CB-356C-4045-948D-F0755ABA6378}.Release|x64.Build.0 = Stable_Release|x64
		{C2FEF2CB-356C-4045-948D-F0755ABA6378}.Stable_Debug|Any CPU.ActiveCfg = Stable_Debug|x64
		{C2FEF2CB-356C-4045-948D-F0755ABA6378}.Stable_Debug|Any CPU.Build.0 = Stable_Debug|x64
		{C2FEF2CB-356C-4045-948D-F0755ABA6378}.Stable_Debug|x64.ActiveCfg = Stable_Debug|x64
		{C2FEF2CB-356C-4045-948D-F0755ABA6378}.Stable_Debug|x64.Build.0 = Stable_Debug|x64
		{C2FEF2CB-356C-4045-948D-F0755ABA6378}.Stable_Release|Any CPU.ActiveCfg = Stable_Release|x64
		{C2FEF2CB-356C-4045-948D-F0755ABA6378}.Stable_Release|Any CPU.Build.0 = Stable_Release|x64
		{C2FEF2CB-356C-4045-948D-F0755ABA6378}.Stable_Release|x64.ActiveCfg = Stable_Release|x64
		{C2FEF2CB-356C-4045-948D-F0755ABA6378}.Stable_Release|x64.Build.0 = Stable_Release|x64
		{CC56F4AA-1C6F-4B20-9DA3-79A30E1F6734}.Beta_Debug|Any CPU.ActiveCfg = Beta_Debug|x64
		{CC56F4AA-1C6F-4B20-9DA3-79A30E1F6734}.Beta_Debug|Any CPU.Build.0 = Beta_Debug|x64
		{CC56F4AA-1C6F-4B20-9DA3-79A30E1F6734}.Beta_Debug|x64.ActiveCfg = Beta_Debug|x64
		{CC56F4AA-1C6F-4B20-9DA3-79A30E1F6734}.Beta_Debug|x64.Build.0 = Beta_Debug|x64
		{CC56F4AA-1C6F-4B20-9DA3-79A30E1F6734}.Beta_Release|Any CPU.ActiveCfg = Beta_Release|x64
		{CC56F4AA-1C6F-4B20-9DA3-79A30E1F6734}.Beta_Release|Any CPU.Build.0 = Beta_Release|x64
		{CC56F4AA-1C6F-4B20-9DA3-79A30E1F6734}.Beta_Release|x64.ActiveCfg = Beta_Release|x64
		{CC56F4AA-1C6F-4B20-9DA3-79A30E1F6734}.Beta_Release|x64.Build.0 = Beta_Release|x64
		{CC56F4AA-1C6F-4B20-9DA3-79A30E1F6734}.Debug|Any CPU.ActiveCfg = Stable_Debug|x64
		{CC56F4AA-1C6F-4B20-9DA3-79A30E1F6734}.Debug|Any CPU.Build.0 = Stable_Debug|x64
		{CC56F4AA-1C6F-4B20-9DA3-79A30E1F6734}.Debug|x64.ActiveCfg = Stable_Debug|x64
		{CC56F4AA-1C6F-4B20-9DA3-79A30E1F6734}.Debug|x64.Build.0 = Stable_Debug|x64
		{CC56F4AA-1C6F-4B20-9DA3-79A30E1F6734}.Release|Any CPU.ActiveCfg = Stable_Release|x64
		{CC56F4AA-1C6F-4B20-9DA3-79A30E1F6734}.Release|Any CPU.Build.0 = Stable_Release|x64
		{CC56F4AA-1C6F-4B20-9DA3-79A30E1F6734}.Release|x64.ActiveCfg = Stable_Release|x64
		{CC56F4AA-1C6F-4B20-9DA3-79A30E1F6734}.Release|x64.Build.0 = Stable_Release|x64
		{CC56F4AA-1C6F-4B20-9DA3-79A30E1F6734}.Stable_Debug|Any CPU.ActiveCfg = Stable_Debug|x64
		{CC56F4AA-1C6F-4B20-9DA3-79A30E1F6734}.Stable_Debug|Any CPU.Build.0 = Stable_Debug|x64
		{CC56F4AA-1C6F-4B20-9DA3-79A30E1F6734}.Stable_Debug|x64.ActiveCfg = Stable_Debug|x64
		{CC56F4AA-1C6F-4B20-9DA3-79A30E1F6734}.Stable_Debug|x64.Build.0 = Stable_Debug|x64
		{CC56F4AA-1C6F-4B20-9DA3-79A30E1F6734}.Stable_Release|Any CPU.ActiveCfg = Stable_Release|x64
		{CC56F4AA-1C6F-4B20-9DA3-79A30E1F6734}.Stable_Release|Any CPU.Build.0 = Stable_Release|x64
		{CC56F4AA-1C6F-4B20-9DA3-79A30E1F6734}.Stable_Release|x64.ActiveCfg = Stable_Release|x64
		{CC56F4AA-1C6F-4B20-9DA3-79A30E1F6734}.Stable_Release|x64.Build.0 = Stable_Release|x64
		{451849FC-0522-493D-B0DF-9538ABDBE56D}.Beta_Debug|Any CPU.ActiveCfg = Beta_Debug|x64
		{451849FC-0522-493D-B0DF-9538ABDBE56D}.Beta_Debug|Any CPU.Build.0 = Beta_Debug|x64
		{451849FC-0522-493D-B0DF-9538ABDBE56D}.Beta_Debug|x64.ActiveCfg = Beta_Debug|x64
		{451849FC-0522-493D-B0DF-9538ABDBE56D}.Beta_Debug|x64.Build.0 = Beta_Debug|x64
		{451849FC-0522-493D-B0DF-9538ABDBE56D}.Beta_Release|Any CPU.ActiveCfg = Beta_Release|x64
		{451849FC-0522-493D-B0DF-9538ABDBE56D}.Beta_Release|Any CPU.Build.0 = Beta_Release|x64
		{451849FC-0522-493D-B0DF-9538ABDBE56D}.Beta_Release|x64.ActiveCfg = Beta_Release|x64
		{451849FC-0522-493D-B0DF-9538ABDBE56D}.Beta_Release|x64.Build.0 = Beta_Release|x64
		{451849FC-0522-493D-B0DF-9538ABDBE56D}.Debug|Any CPU.ActiveCfg = Stable_Debug|x64
		{451849FC-0522-493D-B0DF-9538ABDBE56D}.Debug|Any CPU.Build.0 = Stable_Debug|x64
		{451849FC-0522-493D-B0DF-9538ABDBE56D}.Debug|x64.ActiveCfg = Stable_Debug|x64
		{451849FC-0522-493D-B0DF-9538ABDBE56D}.Debug|x64.Build.0 = Stable_Debug|x64
		{451849FC-0522-493D-B0DF-9538ABDBE56D}.Release|Any CPU.ActiveCfg = Stable_Release|x64
		{451849FC-0522-493D-B0DF-9538ABDBE56D}.Release|Any CPU.Build.0 = Stable_Release|x64
		{451849FC-0522-493D-B0DF-9538ABDBE56D}.Release|x64.ActiveCfg = Stable_Release|x64
		{451849FC-0522-493D-B0DF-9538ABDBE56D}.Release|x64.Build.0 = Stable_Release|x64
		{451849FC-0522-493D-B0DF-9538ABDBE56D}.Stable_Debug|Any CPU.ActiveCfg = Stable_Debug|x64
		{451849FC-0522-493D-B0DF-9538ABDBE56D}.Stable_Debug|Any CPU.Build.0 = Stable_Debug|x64
		{451849FC-0522-493D-B0DF-9538ABDBE56D}.Stable_Debug|x64.ActiveCfg = Stable_Debug|x64
		{451849FC-0522-493D-B0DF-9538ABDBE56D}.Stable_Debug|x64.Build.0 = Stable_Debug|x64
		{451849FC-0522-493D-B0DF-9538ABDBE56D}.Stable_Release|Any CPU.ActiveCfg = Stable_Release|x64
		{451849FC-0522-493D-B0DF-9538ABDBE56D}.Stable_Release|Any CPU.Build.0 = Stable_Release|x64
		{451849FC-0522-493D-B0DF-9538ABDBE56D}.Stable_Release|x64.ActiveCfg = Stable_Release|x64
		{451849FC-0522-493D-B0DF-9538ABDBE56D}.Stable_Release|x64.Build.0 = Stable_Release|x64
		{5C1705E2-CC31-4215-A4CE-7A8AFF6D9BC3}.Beta_Debug|Any CPU.ActiveCfg = Beta_Debug|x64
		{5C1705E2-CC31-4215-A4CE-7A8AFF6D9BC3}.Beta_Debug|Any CPU.Build.0 = Beta_Debug|x64
		{5C1705E2-CC31-4215-A4CE-7A8AFF6D9BC3}.Beta_Debug|x64.ActiveCfg = Beta_Debug|x64
		{5C1705E2-CC31-4215-A4CE-7A8AFF6D9BC3}.Beta_Debug|x64.Build.0 = Beta_Debug|x64
		{5C1705E2-CC31-4215-A4CE-7A8AFF6D9BC3}.Beta_Release|Any CPU.ActiveCfg = Beta_Release|x64
		{5C1705E2-CC31-4215-A4CE-7A8AFF6D9BC3}.Beta_Release|Any CPU.Build.0 = Beta_Release|x64
		{5C1705E2-CC31-4215-A4CE-7A8AFF6D9BC3}.Beta_Release|x64.ActiveCfg = Beta_Release|x64
		{5C1705E2-CC31-4215-A4CE-7A8AFF6D9BC3}.Beta_Release|x64.Build.0 = Beta_Release|x64
		{5C1705E2-CC31-4215-A4CE-7A8AFF6D9BC3}.Debug|Any CPU.ActiveCfg = Stable_Debug|x64
		{5C1705E2-CC31-4215-A4CE-7A8AFF6D9BC3}.Debug|Any CPU.Build.0 = Stable_Debug|x64
		{5C1705E2-CC31-4215-A4CE-7A8AFF6D9BC3}.Debug|x64.ActiveCfg = Stable_Debug|x64
		{5C1705E2-CC31-4215-A4CE-7A8AFF6D9BC3}.Debug|x64.Build.0 = Stable_Debug|x64
		{5C1705E2-CC31-4215-A4CE-7A8AFF6D9BC3}.Release|Any CPU.ActiveCfg = Stable_Release|x64
		{5C1705E2-CC31-4215-A4CE-7A8AFF6D9BC3}.Release|Any CPU.Build.0 = Stable_Release|x64
		{5C1705E2-CC31-4215-A4CE-7A8AFF6D9BC3}.Release|x64.ActiveCfg = Stable_Release|x64
		{5C1705E2-CC31-4215-A4CE-7A8AFF6D9BC3}.Release|x64.Build.0 = Stable_Release|x64
		{5C1705E2-CC31-4215-A4CE-7A8AFF6D9BC3}.Stable_Debug|Any CPU.ActiveCfg = Stable_Debug|x64
		{5C1705E2-CC31-4215-A4CE-7A8AFF6D9BC3}.Stable_Debug|Any CPU.Build.0 = Stable_Debug|x64
		{5C1705E2-CC31-4215-A4CE-7A8AFF6D9BC3}.Stable_Debug|x64.ActiveCfg = Stable_Debug|x64
		{5C1705E2-CC31-4215-A4CE-7A8AFF6D9BC3}.Stable_Debug|x64.Build.0 = Stable_Debug|x64
		{5C1705E2-CC31-4215-A4CE-7A8AFF6D9BC3}.Stable_Release|Any CPU.ActiveCfg = Stable_Release|x64
		{5C1705E2-CC31-4215-A4CE-7A8AFF6D9BC3}.Stable_Release|Any CPU.Build.0 = Stable_Release|x64
		{5C1705E2-CC31-4215-A4CE-7A8AFF6D9BC3}.Stable_Release|x64.ActiveCfg = Stable_Release|x64
		{5C1705E2-CC31-4215-A4CE-7A8AFF6D9BC3}.Stable_Release|x64.Build.0 = Stable_Release|x64
		{0F069603-5A4C-4397-A741-0E4D9D5A9635}.Beta_Debug|Any CPU.ActiveCfg = Debug|Any CPU
		{0F069603-5A4C-4397-A741-0E4D9D5A9635}.Beta_Debug|Any CPU.Build.0 = Debug|Any CPU
		{0F069603-5A4C-4397-A741-0E4D9D5A9635}.Beta_Debug|x64.ActiveCfg = Debug|Any CPU
		{0F069603-5A4C-4397-A741-0E4D9D5A9635}.Beta_Debug|x64.Build.0 = Debug|Any CPU
		{0F069603-5A4C-4397-A741-0E4D9D5A9635}.Beta_Release|Any CPU.ActiveCfg = Release|Any CPU
		{0F069603-5A4C-4397-A741-0E4D9D5A9635}.Beta_Release|Any CPU.Build.0 = Release|Any CPU
		{0F069603-5A4C-4397-A741-0E4D9D5A9635}.Beta_Release|x64.ActiveCfg = Release|Any CPU
		{0F069603-5A4C-4397-A741-0E4D9D5A9635}.Beta_Release|x64.Build.0 = Release|Any CPU
		{0F069603-5A4C-4397-A741-0E4D9D5A9635}.Debug|Any CPU.ActiveCfg = Debug|Any CPU
		{0F069603-5A4C-4397-A741-0E4D9D5A9635}.Debug|Any CPU.Build.0 = Debug|Any CPU
		{0F069603-5A4C-4397-A741-0E4D9D5A9635}.Debug|x64.ActiveCfg = Debug|Any CPU
		{0F069603-5A4C-4397-A741-0E4D9D5A9635}.Debug|x64.Build.0 = Debug|Any CPU
		{0F069603-5A4C-4397-A741-0E4D9D5A9635}.Release|Any CPU.ActiveCfg = Release|Any CPU
		{0F069603-5A4C-4397-A741-0E4D9D5A9635}.Release|Any CPU.Build.0 = Release|Any CPU
		{0F069603-5A4C-4397-A741-0E4D9D5A9635}.Release|x64.ActiveCfg = Release|Any CPU
		{0F069603-5A4C-4397-A741-0E4D9D5A9635}.Release|x64.Build.0 = Release|Any CPU
		{0F069603-5A4C-4397-A741-0E4D9D5A9635}.Stable_Debug|Any CPU.ActiveCfg = Debug|Any CPU
		{0F069603-5A4C-4397-A741-0E4D9D5A9635}.Stable_Debug|Any CPU.Build.0 = Debug|Any CPU
		{0F069603-5A4C-4397-A741-0E4D9D5A9635}.Stable_Debug|x64.ActiveCfg = Debug|Any CPU
		{0F069603-5A4C-4397-A741-0E4D9D5A9635}.Stable_Debug|x64.Build.0 = Debug|Any CPU
		{0F069603-5A4C-4397-A741-0E4D9D5A9635}.Stable_Release|Any CPU.ActiveCfg = Release|Any CPU
		{0F069603-5A4C-4397-A741-0E4D9D5A9635}.Stable_Release|Any CPU.Build.0 = Release|Any CPU
		{0F069603-5A4C-4397-A741-0E4D9D5A9635}.Stable_Release|x64.ActiveCfg = Release|Any CPU
		{0F069603-5A4C-4397-A741-0E4D9D5A9635}.Stable_Release|x64.Build.0 = Release|Any CPU
	EndGlobalSection
	GlobalSection(SolutionProperties) = preSolution
		HideSolutionNode = FALSE
	EndGlobalSection
	GlobalSection(NestedProjects) = preSolution
		{1339A1C0-C2F0-4491-91BB-D49C00332F68} = {1392C229-D932-4592-9B4C-EF8E29E83D16}
		{1392C229-D932-4592-9B4C-EF8E29E83D16} = {F11F675F-87A9-4959-92FE-6B44D9500F1B}
		{20835E54-40DC-4892-A61A-4A3FBCE97EF1} = {F11F675F-87A9-4959-92FE-6B44D9500F1B}
		{ADE4D687-B33F-44D5-B27A-E7635AC453A2} = {F11F675F-87A9-4959-92FE-6B44D9500F1B}
		{17BE8506-B22B-4705-A777-C862888DA1F5} = {1392C229-D932-4592-9B4C-EF8E29E83D16}
		{98D79DD7-266F-4EB7-915A-31BB67D2A9B8} = {F11F675F-87A9-4959-92FE-6B44D9500F1B}
		{AAC60DC8-6952-44D5-B9BD-789902E27273} = {F11F675F-87A9-4959-92FE-6B44D9500F1B}
		{C2FEF2CB-356C-4045-948D-F0755ABA6378} = {AAC60DC8-6952-44D5-B9BD-789902E27273}
		{CC56F4AA-1C6F-4B20-9DA3-79A30E1F6734} = {AAC60DC8-6952-44D5-B9BD-789902E27273}
		{025F5566-540B-44B2-92D7-0C069F65FC98} = {98D79DD7-266F-4EB7-915A-31BB67D2A9B8}
		{4228E9A3-C94E-4228-A432-41A7632E663E} = {025F5566-540B-44B2-92D7-0C069F65FC98}
		{24B1E618-737D-4EF2-89BE-8D7CBCF69BC3} = {025F5566-540B-44B2-92D7-0C069F65FC98}
		{D5C3EA41-BE06-41DB-B7F9-60BB0EFDC0B6} = {98D79DD7-266F-4EB7-915A-31BB67D2A9B8}
		{5217581D-2AF9-4218-B7A0-A09110BA1434} = {98D79DD7-266F-4EB7-915A-31BB67D2A9B8}
		{F626B2A9-96E8-4838-9FD7-1BDB2F0D4867} = {98D79DD7-266F-4EB7-915A-31BB67D2A9B8}
		{8BC9CF61-16CD-49CE-A9C1-F7B3E4205D8C} = {98D79DD7-266F-4EB7-915A-31BB67D2A9B8}
		{45845F8C-E085-4210-8EC4-99C30BA25805} = {98D79DD7-266F-4EB7-915A-31BB67D2A9B8}
		{C6CCF42F-1FF0-41C2-A9E2-CE2536FFB8B0} = {98D79DD7-266F-4EB7-915A-31BB67D2A9B8}
		{8DC26B0D-516B-428B-8632-FE4760E8B0DA} = {C6CCF42F-1FF0-41C2-A9E2-CE2536FFB8B0}
		{D898106F-DFC9-4CB5-8AB7-A93B635F8176} = {C6CCF42F-1FF0-41C2-A9E2-CE2536FFB8B0}
		{553C01B8-F0D3-4252-B9C8-5967F6CFF46B} = {98D79DD7-266F-4EB7-915A-31BB67D2A9B8}
		{451849FC-0522-493D-B0DF-9538ABDBE56D} = {43B4A632-B25F-4424-8810-3D60FD54E203}
		{8D79D0B9-F5BB-4497-A315-C3A36A1923D0} = {98D79DD7-266F-4EB7-915A-31BB67D2A9B8}
		{43B4A632-B25F-4424-8810-3D60FD54E203} = {AAC60DC8-6952-44D5-B9BD-789902E27273}
		{5C1705E2-CC31-4215-A4CE-7A8AFF6D9BC3} = {43B4A632-B25F-4424-8810-3D60FD54E203}
		{4C1C912A-C043-4BA3-A3A9-95989F1061B2} = {98D79DD7-266F-4EB7-915A-31BB67D2A9B8}
		{0F069603-5A4C-4397-A741-0E4D9D5A9635} = {1392C229-D932-4592-9B4C-EF8E29E83D16}
	EndGlobalSection
	GlobalSection(ExtensibilityGlobals) = postSolution
		SolutionGuid = {368BCFA9-8202-4785-AAD4-E8D3D1913736}
	EndGlobalSection
EndGlobal
