
Microsoft Visual Studio Solution File, Format Version 12.00
# Visual Studio Version 16
VisualStudioVersion = 16.0.30225.117
MinimumVisualStudioVersion = 10.0.40219.1
Project("{9A19103F-16F7-4668-BE54-9A1E7A4F7556}") = "Bannerlord.ButterLib.Implementation", "Bannerlord.ButterLib.Implementation\Bannerlord.ButterLib.Implementation.csproj", "{1339A1C0-C2F0-4491-91BB-D49C00332F68}"
EndProject
Project("{2150E333-8FDC-42A3-9474-1A3956D46DE8}") = "src", "src", "{1392C229-D932-4592-9B4C-EF8E29E83D16}"
	ProjectSection(SolutionItems) = preProject
		nuget.config = nuget.config
	EndProjectSection
EndProject
Project("{2150E333-8FDC-42A3-9474-1A3956D46DE8}") = "build", "build", "{20835E54-40DC-4892-A61A-4A3FBCE97EF1}"
	ProjectSection(SolutionItems) = preProject
		..\build\common.props = ..\build\common.props
		..\build\common.targets = ..\build\common.targets
		..\build\github-actions.props = ..\build\github-actions.props
	EndProjectSection
EndProject
Project("{2150E333-8FDC-42A3-9474-1A3956D46DE8}") = "workflows", "workflows", "{ADE4D687-B33F-44D5-B27A-E7635AC453A2}"
	ProjectSection(SolutionItems) = preProject
		..\.github\workflows\nexusmods-cookies.yml = ..\.github\workflows\nexusmods-cookies.yml
		..\.github\workflows\publish.yml = ..\.github\workflows\publish.yml
	EndProjectSection
EndProject
Project("{2150E333-8FDC-42A3-9474-1A3956D46DE8}") = "root", "root", "{F11F675F-87A9-4959-92FE-6B44D9500F1B}"
	ProjectSection(SolutionItems) = preProject
		..\changelog.txt = ..\changelog.txt
		..\README.md = ..\README.md
	EndProjectSection
EndProject
Project("{9A19103F-16F7-4668-BE54-9A1E7A4F7556}") = "Bannerlord.ButterLib", "Bannerlord.ButterLib\Bannerlord.ButterLib.csproj", "{17BE8506-B22B-4705-A777-C862888DA1F5}"
EndProject
Project("{2150E333-8FDC-42A3-9474-1A3956D46DE8}") = "docs", "docs", "{98D79DD7-266F-4EB7-915A-31BB67D2A9B8}"
EndProject
Project("{2150E333-8FDC-42A3-9474-1A3956D46DE8}") = "tests", "tests", "{AAC60DC8-6952-44D5-B9BD-789902E27273}"
EndProject
Project("{9A19103F-16F7-4668-BE54-9A1E7A4F7556}") = "Bannerlord.ButterLib.Tests", "..\tests\Bannerlord.ButterLib.Tests\Bannerlord.ButterLib.Tests.csproj", "{C2FEF2CB-356C-4045-948D-F0755ABA6378}"
EndProject
Project("{9A19103F-16F7-4668-BE54-9A1E7A4F7556}") = "Bannerlord.ButterLib.Implementation.Tests", "..\tests\Bannerlord.ButterLib.Implementation.Tests\Bannerlord.ButterLib.Implementation.Tests.csproj", "{CC56F4AA-1C6F-4B20-9DA3-79A30E1F6734}"
EndProject
Project("{2150E333-8FDC-42A3-9474-1A3956D46DE8}") = "Optional", "Optional", "{025F5566-540B-44B2-92D7-0C069F65FC98}"
EndProject
Project("{2150E333-8FDC-42A3-9474-1A3956D46DE8}") = "DependencyInjection", "DependencyInjection", "{4228E9A3-C94E-4228-A432-41A7632E663E}"
	ProjectSection(SolutionItems) = preProject
		..\docs\articles\Optional\DependencyInjection\Initialization-Stages.md = ..\docs\articles\Optional\DependencyInjection\Initialization-Stages.md
		..\docs\articles\Optional\DependencyInjection\Overview.md = ..\docs\articles\Optional\DependencyInjection\Overview.md
		..\docs\articles\Optional\DependencyInjection\Stage-1.md = ..\docs\articles\Optional\DependencyInjection\Stage-1.md
		..\docs\articles\Optional\DependencyInjection\Stage-2.md = ..\docs\articles\Optional\DependencyInjection\Stage-2.md
		..\docs\articles\Optional\DependencyInjection\Stage-3.md = ..\docs\articles\Optional\DependencyInjection\Stage-3.md
	EndProjectSection
EndProject
Project("{2150E333-8FDC-42A3-9474-1A3956D46DE8}") = "Logging", "Logging", "{24B1E618-737D-4EF2-89BE-8D7CBCF69BC3}"
	ProjectSection(SolutionItems) = preProject
		..\docs\articles\Optional\Logging\Overview.md = ..\docs\articles\Optional\Logging\Overview.md
	EndProjectSection
EndProject
Project("{2150E333-8FDC-42A3-9474-1A3956D46DE8}") = "AssemblyVerifier", "AssemblyVerifier", "{D5C3EA41-BE06-41DB-B7F9-60BB0EFDC0B6}"
	ProjectSection(SolutionItems) = preProject
		..\docs\articles\AssemblyVerifier\Overview.md = ..\docs\articles\AssemblyVerifier\Overview.md
	EndProjectSection
EndProject
Project("{2150E333-8FDC-42A3-9474-1A3956D46DE8}") = "CampaignIdentifier", "CampaignIdentifier", "{5217581D-2AF9-4218-B7A0-A09110BA1434}"
	ProjectSection(SolutionItems) = preProject
		..\docs\articles\CampaignIdentifier\Overview.md = ..\docs\articles\CampaignIdentifier\Overview.md
	EndProjectSection
EndProject
Project("{2150E333-8FDC-42A3-9474-1A3956D46DE8}") = "DistanceMatrix", "DistanceMatrix", "{F626B2A9-96E8-4838-9FD7-1BDB2F0D4867}"
	ProjectSection(SolutionItems) = preProject
		..\docs\articles\DistanceMatrix\Overview.md = ..\docs\articles\DistanceMatrix\Overview.md
	EndProjectSection
EndProject
Global
	GlobalSection(SolutionConfigurationPlatforms) = preSolution
		Beta_Debug|Any CPU = Beta_Debug|Any CPU
		Beta_Release|Any CPU = Beta_Release|Any CPU
		Stable_Debug|Any CPU = Stable_Debug|Any CPU
		Stable_Release|Any CPU = Stable_Release|Any CPU
	EndGlobalSection
	GlobalSection(ProjectConfigurationPlatforms) = postSolution
		{1339A1C0-C2F0-4491-91BB-D49C00332F68}.Beta_Debug|Any CPU.ActiveCfg = Beta_Debug|Any CPU
		{1339A1C0-C2F0-4491-91BB-D49C00332F68}.Beta_Debug|Any CPU.Build.0 = Beta_Debug|Any CPU
		{1339A1C0-C2F0-4491-91BB-D49C00332F68}.Beta_Release|Any CPU.ActiveCfg = Beta_Release|Any CPU
		{1339A1C0-C2F0-4491-91BB-D49C00332F68}.Beta_Release|Any CPU.Build.0 = Beta_Release|Any CPU
		{1339A1C0-C2F0-4491-91BB-D49C00332F68}.Stable_Debug|Any CPU.ActiveCfg = Stable_Debug|Any CPU
		{1339A1C0-C2F0-4491-91BB-D49C00332F68}.Stable_Debug|Any CPU.Build.0 = Stable_Debug|Any CPU
		{1339A1C0-C2F0-4491-91BB-D49C00332F68}.Stable_Release|Any CPU.ActiveCfg = Stable_Release|Any CPU
		{1339A1C0-C2F0-4491-91BB-D49C00332F68}.Stable_Release|Any CPU.Build.0 = Stable_Release|Any CPU
		{17BE8506-B22B-4705-A777-C862888DA1F5}.Beta_Debug|Any CPU.ActiveCfg = Debug|Any CPU
		{17BE8506-B22B-4705-A777-C862888DA1F5}.Beta_Debug|Any CPU.Build.0 = Debug|Any CPU
		{17BE8506-B22B-4705-A777-C862888DA1F5}.Beta_Release|Any CPU.ActiveCfg = Release|Any CPU
		{17BE8506-B22B-4705-A777-C862888DA1F5}.Beta_Release|Any CPU.Build.0 = Release|Any CPU
		{17BE8506-B22B-4705-A777-C862888DA1F5}.Stable_Debug|Any CPU.ActiveCfg = Debug|Any CPU
		{17BE8506-B22B-4705-A777-C862888DA1F5}.Stable_Debug|Any CPU.Build.0 = Debug|Any CPU
		{17BE8506-B22B-4705-A777-C862888DA1F5}.Stable_Release|Any CPU.ActiveCfg = Release|Any CPU
		{17BE8506-B22B-4705-A777-C862888DA1F5}.Stable_Release|Any CPU.Build.0 = Release|Any CPU
		{C2FEF2CB-356C-4045-948D-F0755ABA6378}.Beta_Debug|Any CPU.ActiveCfg = Debug|Any CPU
		{C2FEF2CB-356C-4045-948D-F0755ABA6378}.Beta_Debug|Any CPU.Build.0 = Debug|Any CPU
		{C2FEF2CB-356C-4045-948D-F0755ABA6378}.Beta_Release|Any CPU.ActiveCfg = Release|Any CPU
		{C2FEF2CB-356C-4045-948D-F0755ABA6378}.Beta_Release|Any CPU.Build.0 = Release|Any CPU
		{C2FEF2CB-356C-4045-948D-F0755ABA6378}.Stable_Debug|Any CPU.ActiveCfg = Debug|Any CPU
		{C2FEF2CB-356C-4045-948D-F0755ABA6378}.Stable_Debug|Any CPU.Build.0 = Debug|Any CPU
		{C2FEF2CB-356C-4045-948D-F0755ABA6378}.Stable_Release|Any CPU.ActiveCfg = Release|Any CPU
		{C2FEF2CB-356C-4045-948D-F0755ABA6378}.Stable_Release|Any CPU.Build.0 = Release|Any CPU
		{CC56F4AA-1C6F-4B20-9DA3-79A30E1F6734}.Beta_Debug|Any CPU.ActiveCfg = Debug|Any CPU
		{CC56F4AA-1C6F-4B20-9DA3-79A30E1F6734}.Beta_Debug|Any CPU.Build.0 = Debug|Any CPU
		{CC56F4AA-1C6F-4B20-9DA3-79A30E1F6734}.Beta_Release|Any CPU.ActiveCfg = Release|Any CPU
		{CC56F4AA-1C6F-4B20-9DA3-79A30E1F6734}.Beta_Release|Any CPU.Build.0 = Release|Any CPU
		{CC56F4AA-1C6F-4B20-9DA3-79A30E1F6734}.Stable_Debug|Any CPU.ActiveCfg = Debug|Any CPU
		{CC56F4AA-1C6F-4B20-9DA3-79A30E1F6734}.Stable_Debug|Any CPU.Build.0 = Debug|Any CPU
		{CC56F4AA-1C6F-4B20-9DA3-79A30E1F6734}.Stable_Release|Any CPU.ActiveCfg = Release|Any CPU
		{CC56F4AA-1C6F-4B20-9DA3-79A30E1F6734}.Stable_Release|Any CPU.Build.0 = Release|Any CPU
	EndGlobalSection
	GlobalSection(SolutionProperties) = preSolution
		HideSolutionNode = FALSE
	EndGlobalSection
	GlobalSection(NestedProjects) = preSolution
		{1339A1C0-C2F0-4491-91BB-D49C00332F68} = {1392C229-D932-4592-9B4C-EF8E29E83D16}
		{1392C229-D932-4592-9B4C-EF8E29E83D16} = {F11F675F-87A9-4959-92FE-6B44D9500F1B}
		{20835E54-40DC-4892-A61A-4A3FBCE97EF1} = {F11F675F-87A9-4959-92FE-6B44D9500F1B}
		{ADE4D687-B33F-44D5-B27A-E7635AC453A2} = {F11F675F-87A9-4959-92FE-6B44D9500F1B}
		{17BE8506-B22B-4705-A777-C862888DA1F5} = {1392C229-D932-4592-9B4C-EF8E29E83D16}
		{98D79DD7-266F-4EB7-915A-31BB67D2A9B8} = {F11F675F-87A9-4959-92FE-6B44D9500F1B}
		{AAC60DC8-6952-44D5-B9BD-789902E27273} = {F11F675F-87A9-4959-92FE-6B44D9500F1B}
		{C2FEF2CB-356C-4045-948D-F0755ABA6378} = {AAC60DC8-6952-44D5-B9BD-789902E27273}
		{CC56F4AA-1C6F-4B20-9DA3-79A30E1F6734} = {AAC60DC8-6952-44D5-B9BD-789902E27273}
		{025F5566-540B-44B2-92D7-0C069F65FC98} = {98D79DD7-266F-4EB7-915A-31BB67D2A9B8}
		{4228E9A3-C94E-4228-A432-41A7632E663E} = {025F5566-540B-44B2-92D7-0C069F65FC98}
		{24B1E618-737D-4EF2-89BE-8D7CBCF69BC3} = {025F5566-540B-44B2-92D7-0C069F65FC98}
		{D5C3EA41-BE06-41DB-B7F9-60BB0EFDC0B6} = {98D79DD7-266F-4EB7-915A-31BB67D2A9B8}
		{5217581D-2AF9-4218-B7A0-A09110BA1434} = {98D79DD7-266F-4EB7-915A-31BB67D2A9B8}
		{F626B2A9-96E8-4838-9FD7-1BDB2F0D4867} = {98D79DD7-266F-4EB7-915A-31BB67D2A9B8}
	EndGlobalSection
	GlobalSection(ExtensibilityGlobals) = postSolution
		SolutionGuid = {368BCFA9-8202-4785-AAD4-E8D3D1913736}
	EndGlobalSection
EndGlobal
